
Microsoft Visual Studio Solution File, Format Version 12.00
# Visual Studio Version 17
VisualStudioVersion = 17.14.36414.22 d17.14
MinimumVisualStudioVersion = 10.0.40219.1
Project("{FAE04EC0-301F-11D3-BF4B-00C04F79EFBC}") = "Databasefirst", "Databasefirst\Databasefirst.csproj", "{AB96DC6E-9C07-48D5-B440-87BDDB8D1A45}"
EndProject
Global
	GlobalSection(SolutionConfigurationPlatforms) = preSolution
		Debug|Any CPU = Debug|Any CPU
		Release|Any CPU = Release|Any CPU
	EndGlobalSection
	GlobalSection(ProjectConfigurationPlatforms) = postSolution
		{AB96DC6E-9C07-48D5-B440-87BDDB8D1A45}.Debug|Any CPU.ActiveCfg = Debug|Any CPU
		{AB96DC6E-9C07-48D5-B440-87BDDB8D1A45}.Debug|Any CPU.Build.0 = Debug|Any CPU
		{AB96DC6E-9C07-48D5-B440-87BDDB8D1A45}.Release|Any CPU.ActiveCfg = Release|Any CPU
		{AB96DC6E-9C07-48D5-B440-87BDDB8D1A45}.Release|Any CPU.Build.0 = Release|Any CPU
	EndGlobalSection
	GlobalSection(SolutionProperties) = preSolution
		HideSolutionNode = FALSE
	EndGlobalSection
	GlobalSection(ExtensibilityGlobals) = postSolution
		SolutionGuid = {BEDE35D5-2C1B-40F6-AC1D-8417F96F0BA8}
	EndGlobalSection
EndGlobal
